// !$*UTF8*$!
{
	archiveVersion = 1;
	classes = {
	};
	objectVersion = 46;
	objects = {

/* Begin PBXBuildFile section */
		6C4608531DEA2B3000622226 /* AppDelegate.swift in Sources */ = {isa = PBXBuildFile; fileRef = 6C4608521DEA2B3000622226 /* AppDelegate.swift */; };
		6C4608581DEA2B3000622226 /* Main.storyboard in Resources */ = {isa = PBXBuildFile; fileRef = 6C4608561DEA2B3000622226 /* Main.storyboard */; };
		6C46085A1DEA2B3000622226 /* Assets.xcassets in Resources */ = {isa = PBXBuildFile; fileRef = 6C4608591DEA2B3000622226 /* Assets.xcassets */; };
		6C46085D1DEA2B3000622226 /* LaunchScreen.storyboard in Resources */ = {isa = PBXBuildFile; fileRef = 6C46085B1DEA2B3000622226 /* LaunchScreen.storyboard */; };
		6C4608651DEA2CDA00622226 /* MoviesViewController.swift in Sources */ = {isa = PBXBuildFile; fileRef = 6C4608641DEA2CDA00622226 /* MoviesViewController.swift */; };
		6C4608671DEF3CF800622226 /* Movie.swift in Sources */ = {isa = PBXBuildFile; fileRef = 6C4608661DEF3CF800622226 /* Movie.swift */; };
		6C4608691DF35E4200622226 /* MovieWebViewController.swift in Sources */ = {isa = PBXBuildFile; fileRef = 6C4608681DF35E4200622226 /* MovieWebViewController.swift */; };
/* End PBXBuildFile section */

/* Begin PBXFileReference section */
		6C46084F1DEA2B3000622226 /* Movies.app */ = {isa = PBXFileReference; explicitFileType = wrapper.application; includeInIndex = 0; path = Movies.app; sourceTree = BUILT_PRODUCTS_DIR; };
		6C4608521DEA2B3000622226 /* AppDelegate.swift */ = {isa = PBXFileReference; lastKnownFileType = sourcecode.swift; path = AppDelegate.swift; sourceTree = "<group>"; };
		6C4608571DEA2B3000622226 /* Base */ = {isa = PBXFileReference; lastKnownFileType = file.storyboard; name = Base; path = Base.lproj/Main.storyboard; sourceTree = "<group>"; };
		6C4608591DEA2B3000622226 /* Assets.xcassets */ = {isa = PBXFileReference; lastKnownFileType = folder.assetcatalog; path = Assets.xcassets; sourceTree = "<group>"; };
		6C46085C1DEA2B3000622226 /* Base */ = {isa = PBXFileReference; lastKnownFileType = file.storyboard; name = Base; path = Base.lproj/LaunchScreen.storyboard; sourceTree = "<group>"; };
		6C46085E1DEA2B3000622226 /* Info.plist */ = {isa = PBXFileReference; lastKnownFileType = text.plist.xml; path = Info.plist; sourceTree = "<group>"; };
		6C4608641DEA2CDA00622226 /* MoviesViewController.swift */ = {isa = PBXFileReference; fileEncoding = 4; lastKnownFileType = sourcecode.swift; path = MoviesViewController.swift; sourceTree = "<group>"; };
		6C4608661DEF3CF800622226 /* Movie.swift */ = {isa = PBXFileReference; fileEncoding = 4; lastKnownFileType = sourcecode.swift; path = Movie.swift; sourceTree = "<group>"; };
		6C4608681DF35E4200622226 /* MovieWebViewController.swift */ = {isa = PBXFileReference; fileEncoding = 4; lastKnownFileType = sourcecode.swift; path = MovieWebViewController.swift; sourceTree = "<group>"; };
/* End PBXFileReference section */

/* Begin PBXFrameworksBuildPhase section */
		6C46084C1DEA2B3000622226 /* Frameworks */ = {
			isa = PBXFrameworksBuildPhase;
			buildActionMask = 2147483647;
			files = (
			);
			runOnlyForDeploymentPostprocessing = 0;
		};
/* End PBXFrameworksBuildPhase section */

/* Begin PBXGroup section */
		6C4608461DEA2B3000622226 = {
			isa = PBXGroup;
			children = (
				6C4608511DEA2B3000622226 /* Movies */,
				6C4608501DEA2B3000622226 /* Products */,
			);
			sourceTree = "<group>";
		};
		6C4608501DEA2B3000622226 /* Products */ = {
			isa = PBXGroup;
			children = (
				6C46084F1DEA2B3000622226 /* Movies.app */,
			);
			name = Products;
			sourceTree = "<group>";
		};
		6C4608511DEA2B3000622226 /* Movies */ = {
			isa = PBXGroup;
			children = (
				6C4608521DEA2B3000622226 /* AppDelegate.swift */,
				6C4608641DEA2CDA00622226 /* MoviesViewController.swift */,
				6C4608681DF35E4200622226 /* MovieWebViewController.swift */,
				6C4608661DEF3CF800622226 /* Movie.swift */,
				6C4608561DEA2B3000622226 /* Main.storyboard */,
				6C4608591DEA2B3000622226 /* Assets.xcassets */,
				6C46085B1DEA2B3000622226 /* LaunchScreen.storyboard */,
				6C46085E1DEA2B3000622226 /* Info.plist */,
			);
			path = Movies;
			sourceTree = "<group>";
		};
/* End PBXGroup section */

/* Begin PBXNativeTarget section */
		6C46084E1DEA2B3000622226 /* Movies */ = {
			isa = PBXNativeTarget;
			buildConfigurationList = 6C4608611DEA2B3000622226 /* Build configuration list for PBXNativeTarget "Movies" */;
			buildPhases = (
				6C46084B1DEA2B3000622226 /* Sources */,
				6C46084C1DEA2B3000622226 /* Frameworks */,
				6C46084D1DEA2B3000622226 /* Resources */,
			);
			buildRules = (
			);
			dependencies = (
			);
			name = Movies;
			productName = Movies;
			productReference = 6C46084F1DEA2B3000622226 /* Movies.app */;
			productType = "com.apple.product-type.application";
		};
/* End PBXNativeTarget section */

/* Begin PBXProject section */
		6C4608471DEA2B3000622226 /* Project object */ = {
			isa = PBXProject;
			attributes = {
				LastSwiftUpdateCheck = 0800;
				LastUpgradeCheck = 0800;
				ORGANIZATIONNAME = "Dulio Denis";
				TargetAttributes = {
					6C46084E1DEA2B3000622226 = {
						CreatedOnToolsVersion = 8.0;
						ProvisioningStyle = Automatic;
					};
				};
			};
			buildConfigurationList = 6C46084A1DEA2B3000622226 /* Build configuration list for PBXProject "Movies" */;
			compatibilityVersion = "Xcode 3.2";
			developmentRegion = English;
			hasScannedForEncodings = 0;
			knownRegions = (
				en,
				Base,
			);
			mainGroup = 6C4608461DEA2B3000622226;
			productRefGroup = 6C4608501DEA2B3000622226 /* Products */;
			projectDirPath = "";
			projectRoot = "";
			targets = (
				6C46084E1DEA2B3000622226 /* Movies */,
			);
		};
/* End PBXProject section */

/* Begin PBXResourcesBuildPhase section */
		6C46084D1DEA2B3000622226 /* Resources */ = {
			isa = PBXResourcesBuildPhase;
			buildActionMask = 2147483647;
			files = (
				6C46085D1DEA2B3000622226 /* LaunchScreen.storyboard in Resources */,
				6C46085A1DEA2B3000622226 /* Assets.xcassets in Resources */,
				6C4608581DEA2B3000622226 /* Main.storyboard in Resources */,
			);
			runOnlyForDeploymentPostprocessing = 0;
		};
/* End PBXResourcesBuildPhase section */

/* Begin PBXSourcesBuildPhase section */
		6C46084B1DEA2B3000622226 /* Sources */ = {
			isa = PBXSourcesBuildPhase;
			buildActionMask = 2147483647;
			files = (
				6C4608691DF35E4200622226 /* MovieWebViewController.swift in Sources */,
				6C4608531DEA2B3000622226 /* AppDelegate.swift in Sources */,
				6C4608651DEA2CDA00622226 /* MoviesViewController.swift in Sources */,
				6C4608671DEF3CF800622226 /* Movie.swift in Sources */,
			);
			runOnlyForDeploymentPostprocessing = 0;
		};
/* End PBXSourcesBuildPhase section */

/* Begin PBXVariantGroup section */
		6C4608561DEA2B3000622226 /* Main.storyboard */ = {
			isa = PBXVariantGroup;
			children = (
				6C4608571DEA2B3000622226 /* Base */,
			);
			name = Main.storyboard;
			sourceTree = "<group>";
		};
		6C46085B1DEA2B3000622226 /* LaunchScreen.storyboard */ = {
			isa = PBXVariantGroup;
			children = (
				6C46085C1DEA2B3000622226 /* Base */,
			);
			name = LaunchScreen.storyboard;
			sourceTree = "<group>";
		};
/* End PBXVariantGroup section */

/* Begin XCBuildConfiguration section */
		6C46085F1DEA2B3000622226 /* Debug */ = {
			isa = XCBuildConfiguration;
			buildSettings = {
				ALWAYS_SEARCH_USER_PATHS = NO;
				CLANG_ANALYZER_NONNULL = YES;
				CLANG_CXX_LANGUAGE_STANDARD = "gnu++0x";
				CLANG_CXX_LIBRARY = "libc++";
				CLANG_ENABLE_MODULES = YES;
				CLANG_ENABLE_OBJC_ARC = YES;
				CLANG_WARN_BOOL_CONVERSION = YES;
				CLANG_WARN_CONSTANT_CONVERSION = YES;
				CLANG_WARN_DIRECT_OBJC_ISA_USAGE = YES_ERROR;
				CLANG_WARN_DOCUMENTATION_COMMENTS = YES;
				CLANG_WARN_EMPTY_BODY = YES;
				CLANG_WARN_ENUM_CONVERSION = YES;
				CLANG_WARN_INFINITE_RECURSION = YES;
				CLANG_WARN_INT_CONVERSION = YES;
				CLANG_WARN_OBJC_ROOT_CLASS = YES_ERROR;
				CLANG_WARN_SUSPICIOUS_MOVES = YES;
				CLANG_WARN_UNREACHABLE_CODE = YES;
				CLANG_WARN__DUPLICATE_METHOD_MATCH = YES;
				"CODE_SIGN_IDENTITY[sdk=iphoneos*]" = "iPhone Developer";
				COPY_PHASE_STRIP = NO;
				DEBUG_INFORMATION_FORMAT = dwarf;
				ENABLE_STRICT_OBJC_MSGSEND = YES;
				ENABLE_TESTABILITY = YES;
				GCC_C_LANGUAGE_STANDARD = gnu99;
				GCC_DYNAMIC_NO_PIC = NO;
				GCC_NO_COMMON_BLOCKS = YES;
				GCC_OPTIMIZATION_LEVEL = 0;
				GCC_PREPROCESSOR_DEFINITIONS = (
					"DEBUG=1",
					"$(inherited)",
				);
				GCC_WARN_64_TO_32_BIT_CONVERSION = YES;
				GCC_WARN_ABOUT_RETURN_TYPE = YES_ERROR;
				GCC_WARN_UNDECLARED_SELECTOR = YES;
				GCC_WARN_UNINITIALIZED_AUTOS = YES_AGGRESSIVE;
				GCC_WARN_UNUSED_FUNCTION = YES;
				GCC_WARN_UNUSED_VARIABLE = YES;
				IPHONEOS_DEPLOYMENT_TARGET = 10.0;
				MTL_ENABLE_DEBUG_INFO = YES;
				ONLY_ACTIVE_ARCH = YES;
				SDKROOT = iphoneos;
				SWIFT_ACTIVE_COMPILATION_CONDITIONS = DEBUG;
				SWIFT_OPTIMIZATION_LEVEL = "-Onone";
				TARGETED_DEVICE_FAMILY = "1,2";
			};
			name = Debug;
		};
		6C4608601DEA2B3000622226 /* Release */ = {
			isa = XCBuildConfiguration;
			buildSettings = {
				ALWAYS_SEARCH_USER_PATHS = NO;
				CLANG_ANALYZER_NONNULL = YES;
				CLANG_CXX_LANGUAGE_STANDARD = "gnu++0x";
				CLANG_CXX_LIBRARY = "libc++";
				CLANG_ENABLE_MODULES = YES;
				CLANG_ENABLE_OBJC_ARC = YES;
				CLANG_WARN_BOOL_CONVERSION = YES;
				CLANG_WARN_CONSTANT_CONVERSION = YES;
				CLANG_WARN_DIRECT_OBJC_ISA_USAGE = YES_ERROR;
				CLANG_WARN_DOCUMENTATION_COMMENTS = YES;
				CLANG_WARN_EMPTY_BODY = YES;
				CLANG_WARN_ENUM_CONVERSION = YES;
				CLANG_WARN_INFINITE_RECURSION = YES;
				CLANG_WARN_INT_CONVERSION = YES;
				CLANG_WARN_OBJC_ROOT_CLASS = YES_ERROR;
				CLANG_WARN_SUSPICIOUS_MOVES = YES;
				CLANG_WARN_UNREACHABLE_CODE = YES;
				CLANG_WARN__DUPLICATE_METHOD_MATCH = YES;
				"CODE_SIGN_IDENTITY[sdk=iphoneos*]" = "iPhone Developer";
				COPY_PHASE_STRIP = NO;
				DEBUG_INFORMATION_FORMAT = "dwarf-with-dsym";
				ENABLE_NS_ASSERTIONS = NO;
				ENABLE_STRICT_OBJC_MSGSEND = YES;
				GCC_C_LANGUAGE_STANDARD = gnu99;
				GCC_NO_COMMON_BLOCKS = YES;
				GCC_WARN_64_TO_32_BIT_CONVERSION = YES;
				GCC_WARN_ABOUT_RETURN_TYPE = YES_ERROR;
				GCC_WARN_UNDECLARED_SELECTOR = YES;
				GCC_WARN_UNINITIALIZED_AUTOS = YES_AGGRESSIVE;
				GCC_WARN_UNUSED_FUNCTION = YES;
				GCC_WARN_UNUSED_VARIABLE = YES;
				IPHONEOS_DEPLOYMENT_TARGET = 10.0;
				MTL_ENABLE_DEBUG_INFO = NO;
				SDKROOT = iphoneos;
				SWIFT_OPTIMIZATION_LEVEL = "-Owholemodule";
				TARGETED_DEVICE_FAMILY = "1,2";
				VALIDATE_PRODUCT = YES;
			};
			name = Release;
		};
		6C4608621DEA2B3000622226 /* Debug */ = {
			isa = XCBuildConfiguration;
			buildSettings = {
				ASSETCATALOG_COMPILER_APPICON_NAME = AppIcon;
				INFOPLIST_FILE = Movies/Info.plist;
				LD_RUNPATH_SEARCH_PATHS = "$(inherited) @executable_path/Frameworks";
				PRODUCT_BUNDLE_IDENTIFIER = com.ddapps.Movies;
				PRODUCT_NAME = "$(TARGET_NAME)";
				SWIFT_VERSION = 3.0;
			};
			name = Debug;
		};
		6C4608631DEA2B3000622226 /* Release */ = {
			isa = XCBuildConfiguration;
			buildSettings = {
				ASSETCATALOG_COMPILER_APPICON_NAME = AppIcon;
				INFOPLIST_FILE = Movies/Info.plist;
				LD_RUNPATH_SEARCH_PATHS = "$(inherited) @executable_path/Frameworks";
				PRODUCT_BUNDLE_IDENTIFIER = com.ddapps.Movies;
				PRODUCT_NAME = "$(TARGET_NAME)";
				SWIFT_VERSION = 3.0;
			};
			name = Release;
		};
/* End XCBuildConfiguration section */

/* Begin XCConfigurationList section */
		6C46084A1DEA2B3000622226 /* Build configuration list for PBXProject "Movies" */ = {
			isa = XCConfigurationList;
			buildConfigurations = (
				6C46085F1DEA2B3000622226 /* Debug */,
				6C4608601DEA2B3000622226 /* Release */,
			);
			defaultConfigurationIsVisible = 0;
			defaultConfigurationName = Release;
		};
		6C4608611DEA2B3000622226 /* Build configuration list for PBXNativeTarget "Movies" */ = {
			isa = XCConfigurationList;
			buildConfigurations = (
				6C4608621DEA2B3000622226 /* Debug */,
				6C4608631DEA2B3000622226 /* Release */,
			);
			defaultConfigurationIsVisible = 0;
			defaultConfigurationName = Release;
		};
/* End XCConfigurationList section */
	};
	rootObject = 6C4608471DEA2B3000622226 /* Project object */;
}
